
Microsoft Visual Studio Solution File, Format Version 12.00
# Visual Studio Version 17
VisualStudioVersion = 17.5.33627.172
MinimumVisualStudioVersion = 10.0.40219.1
Project("{FAE04EC0-301F-11D3-BF4B-00C04F79EFBC}") = "Devices.Base", "Devices.Base\Devices.Base.csproj", "{6AD4FB8A-C46F-47F0-80FF-6CCBCA0B05C1}"
EndProject
Global
	GlobalSection(SolutionConfigurationPlatforms) = preSolution
		Debug|Any CPU = Debug|Any CPU
		Release|Any CPU = Release|Any CPU
	EndGlobalSection
	GlobalSection(ProjectConfigurationPlatforms) = postSolution
		{6AD4FB8A-C46F-47F0-80FF-6CCBCA0B05C1}.Debug|Any CPU.ActiveCfg = Debug|Any CPU
		{6AD4FB8A-C46F-47F0-80FF-6CCBCA0B05C1}.Debug|Any CPU.Build.0 = Debug|Any CPU
		{6AD4FB8A-C46F-47F0-80FF-6CCBCA0B05C1}.Release|Any CPU.ActiveCfg = Release|Any CPU
		{6AD4FB8A-C46F-47F0-80FF-6CCBCA0B05C1}.Release|Any CPU.Build.0 = Release|Any CPU
	EndGlobalSection
	GlobalSection(SolutionProperties) = preSolution
		HideSolutionNode = FALSE
	EndGlobalSection
	GlobalSection(ExtensibilityGlobals) = postSolution
		SolutionGuid = {9F879F4A-F387-4CA8-9F4B-0774047096EE}
	EndGlobalSection
EndGlobal
